{
  "name": "urusai-blog",
  "lockfileVersion": 3,
  "requires": true,
  "packages": {
    "": {
      "name": "urusai-blog",
      "version": "2.0.0",
      "license": "MIT",
      "devDependencies": {
        "wrangler": "^4.0.0"
      }
    },
    "node_modules/wrangler": {
      "version": "4.0.0",
      "resolved": "https://registry.npmjs.org/wrangler/-/wrangler-4.0.0.tgz",
      "integrity": "sha512-xxxxxxxxxxxxxxxxxxxxxxxxxxxxxxxxxxxxxxxxxxxxxxxxxxxxxxx",
      "dev": true,
      "license": "MIT",
      "dependencies": {
        "@cloudflare/kv-asset-handler": "^0.3.0",
        "esbuild": "^0.17.0",
        "miniflare": "^3.0.0"
      },
      "bin": {
        "wrangler": "bin/wrangler.js"
      }
    }
  }
}
